// !$*UTF8*$!
{
	archiveVersion = 1;
	classes = {
	};
	objectVersion = 46;
	objects = {

/* Begin PBXBuildFile section */
		F93A24FD1F4333E700E07C7D /* StateController.m in Sources */ = {isa = PBXBuildFile; fileRef = F93A24FC1F4333E700E07C7D /* StateController.m */; };
		F969C2181F3F3A2600690534 /* main.m in Sources */ = {isa = PBXBuildFile; fileRef = F969C2171F3F3A2600690534 /* main.m */; };
		F969C21B1F3F3A2600690534 /* AppDelegate.m in Sources */ = {isa = PBXBuildFile; fileRef = F969C21A1F3F3A2600690534 /* AppDelegate.m */; };
		F969C21E1F3F3A2600690534 /* OrderMealViewController.m in Sources */ = {isa = PBXBuildFile; fileRef = F969C21D1F3F3A2600690534 /* OrderMealViewController.m */; };
		F969C2211F3F3A2600690534 /* Main.storyboard in Resources */ = {isa = PBXBuildFile; fileRef = F969C21F1F3F3A2600690534 /* Main.storyboard */; };
		F969C2231F3F3A2600690534 /* Assets.xcassets in Resources */ = {isa = PBXBuildFile; fileRef = F969C2221F3F3A2600690534 /* Assets.xcassets */; };
		F969C2261F3F3A2600690534 /* LaunchScreen.storyboard in Resources */ = {isa = PBXBuildFile; fileRef = F969C2241F3F3A2600690534 /* LaunchScreen.storyboard */; };
		F969C22F1F3F3CD200690534 /* OrderMealDataSource.m in Sources */ = {isa = PBXBuildFile; fileRef = F969C22E1F3F3CD200690534 /* OrderMealDataSource.m */; };
		F969C2341F40249C00690534 /* Meal.m in Sources */ = {isa = PBXBuildFile; fileRef = F969C2331F40249C00690534 /* Meal.m */; };
		F969C2371F4057BC00690534 /* UserData.m in Sources */ = {isa = PBXBuildFile; fileRef = F969C2361F4057BC00690534 /* UserData.m */; };
		F969C23A1F40676900690534 /* StorageController.m in Sources */ = {isa = PBXBuildFile; fileRef = F969C2391F40676900690534 /* StorageController.m */; };
		F9783A3C1F472B9200A3D52C /* MealDetailViewController.m in Sources */ = {isa = PBXBuildFile; fileRef = F9783A3B1F472B9200A3D52C /* MealDetailViewController.m */; };
		F9783A421F472DE100A3D52C /* CreatMealViewController.m in Sources */ = {isa = PBXBuildFile; fileRef = F9783A411F472DE100A3D52C /* CreatMealViewController.m */; };
		F9783A451F47450B00A3D52C /* MealCell.m in Sources */ = {isa = PBXBuildFile; fileRef = F9783A441F47450B00A3D52C /* MealCell.m */; };
/* End PBXBuildFile section */

/* Begin PBXFileReference section */
		F93A24FB1F4333E700E07C7D /* StateController.h */ = {isa = PBXFileReference; fileEncoding = 4; lastKnownFileType = sourcecode.c.h; path = StateController.h; sourceTree = "<group>"; };
		F93A24FC1F4333E700E07C7D /* StateController.m */ = {isa = PBXFileReference; fileEncoding = 4; lastKnownFileType = sourcecode.c.objc; path = StateController.m; sourceTree = "<group>"; };
		F969C2131F3F3A2600690534 /* JAidiancai V0.0.app */ = {isa = PBXFileReference; explicitFileType = wrapper.application; includeInIndex = 0; path = "JAidiancai V0.0.app"; sourceTree = BUILT_PRODUCTS_DIR; };
		F969C2171F3F3A2600690534 /* main.m */ = {isa = PBXFileReference; lastKnownFileType = sourcecode.c.objc; path = main.m; sourceTree = "<group>"; };
		F969C2191F3F3A2600690534 /* AppDelegate.h */ = {isa = PBXFileReference; lastKnownFileType = sourcecode.c.h; path = AppDelegate.h; sourceTree = "<group>"; };
		F969C21A1F3F3A2600690534 /* AppDelegate.m */ = {isa = PBXFileReference; lastKnownFileType = sourcecode.c.objc; path = AppDelegate.m; sourceTree = "<group>"; };
		F969C21C1F3F3A2600690534 /* OrderMealViewController.h */ = {isa = PBXFileReference; lastKnownFileType = sourcecode.c.h; name = OrderMealViewController.h; path = "JAidiancai V0.0/OrderMealViewController.h"; sourceTree = "<group>"; };
		F969C21D1F3F3A2600690534 /* OrderMealViewController.m */ = {isa = PBXFileReference; lastKnownFileType = sourcecode.c.objc; name = OrderMealViewController.m; path = "JAidiancai V0.0/OrderMealViewController.m"; sourceTree = "<group>"; };
		F969C2201F3F3A2600690534 /* Base */ = {isa = PBXFileReference; lastKnownFileType = file.storyboard; name = Base; path = Base.lproj/Main.storyboard; sourceTree = "<group>"; };
		F969C2221F3F3A2600690534 /* Assets.xcassets */ = {isa = PBXFileReference; lastKnownFileType = folder.assetcatalog; path = Assets.xcassets; sourceTree = "<group>"; };
		F969C2251F3F3A2600690534 /* Base */ = {isa = PBXFileReference; lastKnownFileType = file.storyboard; name = Base; path = Base.lproj/LaunchScreen.storyboard; sourceTree = "<group>"; };
		F969C2271F3F3A2600690534 /* Info.plist */ = {isa = PBXFileReference; lastKnownFileType = text.plist.xml; path = Info.plist; sourceTree = "<group>"; };
		F969C22D1F3F3CD200690534 /* OrderMealDataSource.h */ = {isa = PBXFileReference; fileEncoding = 4; lastKnownFileType = sourcecode.c.h; name = OrderMealDataSource.h; path = "JAidiancai V0.0/OrderMealDataSource.h"; sourceTree = "<group>"; };
		F969C22E1F3F3CD200690534 /* OrderMealDataSource.m */ = {isa = PBXFileReference; fileEncoding = 4; lastKnownFileType = sourcecode.c.objc; name = OrderMealDataSource.m; path = "JAidiancai V0.0/OrderMealDataSource.m"; sourceTree = "<group>"; };
		F969C2321F40249C00690534 /* Meal.h */ = {isa = PBXFileReference; fileEncoding = 4; lastKnownFileType = sourcecode.c.h; path = Meal.h; sourceTree = "<group>"; };
		F969C2331F40249C00690534 /* Meal.m */ = {isa = PBXFileReference; fileEncoding = 4; lastKnownFileType = sourcecode.c.objc; path = Meal.m; sourceTree = "<group>"; };
		F969C2351F4057BC00690534 /* UserData.h */ = {isa = PBXFileReference; fileEncoding = 4; lastKnownFileType = sourcecode.c.h; path = UserData.h; sourceTree = "<group>"; };
		F969C2361F4057BC00690534 /* UserData.m */ = {isa = PBXFileReference; fileEncoding = 4; lastKnownFileType = sourcecode.c.objc; path = UserData.m; sourceTree = "<group>"; };
		F969C2381F40676900690534 /* StorageController.h */ = {isa = PBXFileReference; fileEncoding = 4; lastKnownFileType = sourcecode.c.h; path = StorageController.h; sourceTree = "<group>"; };
		F969C2391F40676900690534 /* StorageController.m */ = {isa = PBXFileReference; fileEncoding = 4; lastKnownFileType = sourcecode.c.objc; path = StorageController.m; sourceTree = "<group>"; };
		F9783A3A1F472B9200A3D52C /* MealDetailViewController.h */ = {isa = PBXFileReference; fileEncoding = 4; lastKnownFileType = sourcecode.c.h; name = MealDetailViewController.h; path = "JAidiancai V0.0/MealDetailViewController.h"; sourceTree = "<group>"; };
		F9783A3B1F472B9200A3D52C /* MealDetailViewController.m */ = {isa = PBXFileReference; fileEncoding = 4; lastKnownFileType = sourcecode.c.objc; name = MealDetailViewController.m; path = "JAidiancai V0.0/MealDetailViewController.m"; sourceTree = "<group>"; };
		F9783A401F472DE100A3D52C /* CreatMealViewController.h */ = {isa = PBXFileReference; fileEncoding = 4; lastKnownFileType = sourcecode.c.h; name = CreatMealViewController.h; path = "JAidiancai V0.0/CreatMealViewController.h"; sourceTree = "<group>"; };
		F9783A411F472DE100A3D52C /* CreatMealViewController.m */ = {isa = PBXFileReference; fileEncoding = 4; lastKnownFileType = sourcecode.c.objc; name = CreatMealViewController.m; path = "JAidiancai V0.0/CreatMealViewController.m"; sourceTree = "<group>"; };
		F9783A431F47450B00A3D52C /* MealCell.h */ = {isa = PBXFileReference; fileEncoding = 4; lastKnownFileType = sourcecode.c.h; name = MealCell.h; path = "JAidiancai V0.0/MealCell.h"; sourceTree = "<group>"; };
		F9783A441F47450B00A3D52C /* MealCell.m */ = {isa = PBXFileReference; fileEncoding = 4; lastKnownFileType = sourcecode.c.objc; name = MealCell.m; path = "JAidiancai V0.0/MealCell.m"; sourceTree = "<group>"; };
/* End PBXFileReference section */

/* Begin PBXFrameworksBuildPhase section */
		F969C2101F3F3A2600690534 /* Frameworks */ = {
			isa = PBXFrameworksBuildPhase;
			buildActionMask = 2147483647;
			files = (
			);
			runOnlyForDeploymentPostprocessing = 0;
		};
/* End PBXFrameworksBuildPhase section */

/* Begin PBXGroup section */
		F969C20A1F3F3A2600690534 = {
			isa = PBXGroup;
			children = (
				F969C2151F3F3A2600690534 /* JAidiancai V1.0 */,
				F969C2161F3F3A2600690534 /* Supporting Files */,
				F969C2141F3F3A2600690534 /* Products */,
			);
			sourceTree = "<group>";
		};
		F969C2141F3F3A2600690534 /* Products */ = {
			isa = PBXGroup;
			children = (
				F969C2131F3F3A2600690534 /* JAidiancai V0.0.app */,
			);
			name = Products;
			path = "JAidiancai V1.0/Base.lproj";
			sourceTree = "<group>";
		};
		F969C2151F3F3A2600690534 /* JAidiancai V1.0 */ = {
			isa = PBXGroup;
			children = (
				F969C2191F3F3A2600690534 /* AppDelegate.h */,
				F969C21A1F3F3A2600690534 /* AppDelegate.m */,
				F969C21F1F3F3A2600690534 /* Main.storyboard */,
				F969C2241F3F3A2600690534 /* LaunchScreen.storyboard */,
				F9783A3D1F472BA400A3D52C /* OwnedMeal */,
				F9783A3E1F472BE600A3D52C /* State and Storage */,
				F9783A3F1F472CFA00A3D52C /* Model */,
				F969C2221F3F3A2600690534 /* Assets.xcassets */,
				F969C2271F3F3A2600690534 /* Info.plist */,
			);
			name = "JAidiancai V1.0";
			path = "JAidiancai V0.0";
			sourceTree = "<group>";
		};
		F969C2161F3F3A2600690534 /* Supporting Files */ = {
			isa = PBXGroup;
			children = (
				F969C2171F3F3A2600690534 /* main.m */,
			);
			name = "Supporting Files";
			path = "JAidiancai V0.0";
			sourceTree = "<group>";
		};
		F9783A3D1F472BA400A3D52C /* OwnedMeal */ = {
			isa = PBXGroup;
			children = (
				F969C21C1F3F3A2600690534 /* OrderMealViewController.h */,
				F969C21D1F3F3A2600690534 /* OrderMealViewController.m */,
				F969C22D1F3F3CD200690534 /* OrderMealDataSource.h */,
				F969C22E1F3F3CD200690534 /* OrderMealDataSource.m */,
				F9783A3A1F472B9200A3D52C /* MealDetailViewController.h */,
				F9783A3B1F472B9200A3D52C /* MealDetailViewController.m */,
				F9783A401F472DE100A3D52C /* CreatMealViewController.h */,
				F9783A411F472DE100A3D52C /* CreatMealViewController.m */,
				F9783A431F47450B00A3D52C /* MealCell.h */,
				F9783A441F47450B00A3D52C /* MealCell.m */,
			);
			name = OwnedMeal;
			path = ..;
			sourceTree = "<group>";
		};
		F9783A3E1F472BE600A3D52C /* State and Storage */ = {
			isa = PBXGroup;
			children = (
				F969C2381F40676900690534 /* StorageController.h */,
				F969C2391F40676900690534 /* StorageController.m */,
				F93A24FB1F4333E700E07C7D /* StateController.h */,
				F93A24FC1F4333E700E07C7D /* StateController.m */,
			);
			name = "State and Storage";
			sourceTree = "<group>";
		};
		F9783A3F1F472CFA00A3D52C /* Model */ = {
			isa = PBXGroup;
			children = (
				F969C2321F40249C00690534 /* Meal.h */,
				F969C2331F40249C00690534 /* Meal.m */,
				F969C2351F4057BC00690534 /* UserData.h */,
				F969C2361F4057BC00690534 /* UserData.m */,
			);
			name = Model;
			sourceTree = "<group>";
		};
/* End PBXGroup section */

/* Begin PBXNativeTarget section */
		F969C2121F3F3A2600690534 /* JAidiancai V0.0 */ = {
			isa = PBXNativeTarget;
			buildConfigurationList = F969C22A1F3F3A2600690534 /* Build configuration list for PBXNativeTarget "JAidiancai V0.0" */;
			buildPhases = (
				F969C20F1F3F3A2600690534 /* Sources */,
				F969C2101F3F3A2600690534 /* Frameworks */,
				F969C2111F3F3A2600690534 /* Resources */,
			);
			buildRules = (
			);
			dependencies = (
			);
			name = "JAidiancai V0.0";
			productName = "JAidiancai V0.0";
			productReference = F969C2131F3F3A2600690534 /* JAidiancai V0.0.app */;
			productType = "com.apple.product-type.application";
		};
/* End PBXNativeTarget section */

/* Begin PBXProject section */
		F969C20B1F3F3A2600690534 /* Project object */ = {
			isa = PBXProject;
			attributes = {
				LastUpgradeCheck = 0820;
				ORGANIZATIONNAME = Jinshi;
				TargetAttributes = {
					F969C2121F3F3A2600690534 = {
						CreatedOnToolsVersion = 8.2.1;
						DevelopmentTeam = 2BH36CK7LN;
						ProvisioningStyle = Automatic;
					};
				};
			};
			buildConfigurationList = F969C20E1F3F3A2600690534 /* Build configuration list for PBXProject "JAidiancai V1.0" */;
			compatibilityVersion = "Xcode 3.2";
			developmentRegion = English;
			hasScannedForEncodings = 0;
			knownRegions = (
				en,
				Base,
			);
			mainGroup = F969C20A1F3F3A2600690534;
			productRefGroup = F969C2141F3F3A2600690534 /* Products */;
			projectDirPath = "";
			projectRoot = "";
			targets = (
				F969C2121F3F3A2600690534 /* JAidiancai V0.0 */,
			);
		};
/* End PBXProject section */

/* Begin PBXResourcesBuildPhase section */
		F969C2111F3F3A2600690534 /* Resources */ = {
			isa = PBXResourcesBuildPhase;
			buildActionMask = 2147483647;
			files = (
				F969C2261F3F3A2600690534 /* LaunchScreen.storyboard in Resources */,
				F969C2231F3F3A2600690534 /* Assets.xcassets in Resources */,
				F969C2211F3F3A2600690534 /* Main.storyboard in Resources */,
			);
			runOnlyForDeploymentPostprocessing = 0;
		};
/* End PBXResourcesBuildPhase section */

/* Begin PBXSourcesBuildPhase section */
		F969C20F1F3F3A2600690534 /* Sources */ = {
			isa = PBXSourcesBuildPhase;
			buildActionMask = 2147483647;
			files = (
				F9783A3C1F472B9200A3D52C /* MealDetailViewController.m in Sources */,
				F969C23A1F40676900690534 /* StorageController.m in Sources */,
				F93A24FD1F4333E700E07C7D /* StateController.m in Sources */,
				F9783A451F47450B00A3D52C /* MealCell.m in Sources */,
				F969C2371F4057BC00690534 /* UserData.m in Sources */,
				F969C21E1F3F3A2600690534 /* OrderMealViewController.m in Sources */,
				F9783A421F472DE100A3D52C /* CreatMealViewController.m in Sources */,
				F969C21B1F3F3A2600690534 /* AppDelegate.m in Sources */,
				F969C22F1F3F3CD200690534 /* OrderMealDataSource.m in Sources */,
				F969C2341F40249C00690534 /* Meal.m in Sources */,
				F969C2181F3F3A2600690534 /* main.m in Sources */,
			);
			runOnlyForDeploymentPostprocessing = 0;
		};
/* End PBXSourcesBuildPhase section */

/* Begin PBXVariantGroup section */
		F969C21F1F3F3A2600690534 /* Main.storyboard */ = {
			isa = PBXVariantGroup;
			children = (
				F969C2201F3F3A2600690534 /* Base */,
			);
			name = Main.storyboard;
			sourceTree = "<group>";
		};
		F969C2241F3F3A2600690534 /* LaunchScreen.storyboard */ = {
			isa = PBXVariantGroup;
			children = (
				F969C2251F3F3A2600690534 /* Base */,
			);
			name = LaunchScreen.storyboard;
			sourceTree = "<group>";
		};
/* End PBXVariantGroup section */

/* Begin XCBuildConfiguration section */
		F969C2281F3F3A2600690534 /* Debug */ = {
			isa = XCBuildConfiguration;
			buildSettings = {
				ALWAYS_SEARCH_USER_PATHS = NO;
				CLANG_ANALYZER_NONNULL = YES;
				CLANG_CXX_LANGUAGE_STANDARD = "gnu++0x";
				CLANG_CXX_LIBRARY = "libc++";
				CLANG_ENABLE_MODULES = YES;
				CLANG_ENABLE_OBJC_ARC = YES;
				CLANG_WARN_BOOL_CONVERSION = YES;
				CLANG_WARN_CONSTANT_CONVERSION = YES;
				CLANG_WARN_DIRECT_OBJC_ISA_USAGE = YES_ERROR;
				CLANG_WARN_DOCUMENTATION_COMMENTS = YES;
				CLANG_WARN_EMPTY_BODY = YES;
				CLANG_WARN_ENUM_CONVERSION = YES;
				CLANG_WARN_INFINITE_RECURSION = YES;
				CLANG_WARN_INT_CONVERSION = YES;
				CLANG_WARN_OBJC_ROOT_CLASS = YES_ERROR;
				CLANG_WARN_SUSPICIOUS_MOVE = YES;
				CLANG_WARN_UNREACHABLE_CODE = YES;
				CLANG_WARN__DUPLICATE_METHOD_MATCH = YES;
				"CODE_SIGN_IDENTITY[sdk=iphoneos*]" = "iPhone Developer";
				COPY_PHASE_STRIP = NO;
				DEBUG_INFORMATION_FORMAT = dwarf;
				ENABLE_STRICT_OBJC_MSGSEND = YES;
				ENABLE_TESTABILITY = YES;
				GCC_C_LANGUAGE_STANDARD = gnu99;
				GCC_DYNAMIC_NO_PIC = NO;
				GCC_NO_COMMON_BLOCKS = YES;
				GCC_OPTIMIZATION_LEVEL = 0;
				GCC_PREPROCESSOR_DEFINITIONS = (
					"DEBUG=1",
					"$(inherited)",
				);
				GCC_WARN_64_TO_32_BIT_CONVERSION = YES;
				GCC_WARN_ABOUT_RETURN_TYPE = YES_ERROR;
				GCC_WARN_UNDECLARED_SELECTOR = YES;
				GCC_WARN_UNINITIALIZED_AUTOS = YES_AGGRESSIVE;
				GCC_WARN_UNUSED_FUNCTION = YES;
				GCC_WARN_UNUSED_VARIABLE = YES;
				IPHONEOS_DEPLOYMENT_TARGET = 10.2;
				MTL_ENABLE_DEBUG_INFO = YES;
				ONLY_ACTIVE_ARCH = YES;
				SDKROOT = iphoneos;
				TARGETED_DEVICE_FAMILY = "1,2";
			};
			name = Debug;
		};
		F969C2291F3F3A2600690534 /* Release */ = {
			isa = XCBuildConfiguration;
			buildSettings = {
				ALWAYS_SEARCH_USER_PATHS = NO;
				CLANG_ANALYZER_NONNULL = YES;
				CLANG_CXX_LANGUAGE_STANDARD = "gnu++0x";
				CLANG_CXX_LIBRARY = "libc++";
				CLANG_ENABLE_MODULES = YES;
				CLANG_ENABLE_OBJC_ARC = YES;
				CLANG_WARN_BOOL_CONVERSION = YES;
				CLANG_WARN_CONSTANT_CONVERSION = YES;
				CLANG_WARN_DIRECT_OBJC_ISA_USAGE = YES_ERROR;
				CLANG_WARN_DOCUMENTATION_COMMENTS = YES;
				CLANG_WARN_EMPTY_BODY = YES;
				CLANG_WARN_ENUM_CONVERSION = YES;
				CLANG_WARN_INFINITE_RECURSION = YES;
				CLANG_WARN_INT_CONVERSION = YES;
				CLANG_WARN_OBJC_ROOT_CLASS = YES_ERROR;
				CLANG_WARN_SUSPICIOUS_MOVE = YES;
				CLANG_WARN_UNREACHABLE_CODE = YES;
				CLANG_WARN__DUPLICATE_METHOD_MATCH = YES;
				"CODE_SIGN_IDENTITY[sdk=iphoneos*]" = "iPhone Developer";
				COPY_PHASE_STRIP = NO;
				DEBUG_INFORMATION_FORMAT = "dwarf-with-dsym";
				ENABLE_NS_ASSERTIONS = NO;
				ENABLE_STRICT_OBJC_MSGSEND = YES;
				GCC_C_LANGUAGE_STANDARD = gnu99;
				GCC_NO_COMMON_BLOCKS = YES;
				GCC_WARN_64_TO_32_BIT_CONVERSION = YES;
				GCC_WARN_ABOUT_RETURN_TYPE = YES_ERROR;
				GCC_WARN_UNDECLARED_SELECTOR = YES;
				GCC_WARN_UNINITIALIZED_AUTOS = YES_AGGRESSIVE;
				GCC_WARN_UNUSED_FUNCTION = YES;
				GCC_WARN_UNUSED_VARIABLE = YES;
				IPHONEOS_DEPLOYMENT_TARGET = 10.2;
				MTL_ENABLE_DEBUG_INFO = NO;
				SDKROOT = iphoneos;
				TARGETED_DEVICE_FAMILY = "1,2";
				VALIDATE_PRODUCT = YES;
			};
			name = Release;
		};
		F969C22B1F3F3A2600690534 /* Debug */ = {
			isa = XCBuildConfiguration;
			buildSettings = {
				ASSETCATALOG_COMPILER_APPICON_NAME = AppIcon;
				"CODE_SIGN_IDENTITY[sdk=iphoneos*]" = "iPhone Developer";
				DEVELOPMENT_TEAM = 2BH36CK7LN;
				INFOPLIST_FILE = "JAidiancai V0.0/Info.plist";
				LD_RUNPATH_SEARCH_PATHS = "$(inherited) @executable_path/Frameworks";
				PRODUCT_BUNDLE_IDENTIFIER = Feng.JAidiancaiV1.0;
				PRODUCT_NAME = "$(TARGET_NAME)";
				PROVISIONING_PROFILE_SPECIFIER = "";
			};
			name = Debug;
		};
		F969C22C1F3F3A2600690534 /* Release */ = {
			isa = XCBuildConfiguration;
			buildSettings = {
				ASSETCATALOG_COMPILER_APPICON_NAME = AppIcon;
				"CODE_SIGN_IDENTITY[sdk=iphoneos*]" = "iPhone Developer";
				DEVELOPMENT_TEAM = 2BH36CK7LN;
				INFOPLIST_FILE = "JAidiancai V0.0/Info.plist";
				LD_RUNPATH_SEARCH_PATHS = "$(inherited) @executable_path/Frameworks";
				PRODUCT_BUNDLE_IDENTIFIER = Feng.JAidiancaiV1.0;
				PRODUCT_NAME = "$(TARGET_NAME)";
				PROVISIONING_PROFILE_SPECIFIER = "";
			};
			name = Release;
		};
/* End XCBuildConfiguration section */

/* Begin XCConfigurationList section */
		F969C20E1F3F3A2600690534 /* Build configuration list for PBXProject "JAidiancai V1.0" */ = {
			isa = XCConfigurationList;
			buildConfigurations = (
				F969C2281F3F3A2600690534 /* Debug */,
				F969C2291F3F3A2600690534 /* Release */,
			);
			defaultConfigurationIsVisible = 0;
			defaultConfigurationName = Release;
		};
		F969C22A1F3F3A2600690534 /* Build configuration list for PBXNativeTarget "JAidiancai V0.0" */ = {
			isa = XCConfigurationList;
			buildConfigurations = (
				F969C22B1F3F3A2600690534 /* Debug */,
				F969C22C1F3F3A2600690534 /* Release */,
			);
			defaultConfigurationIsVisible = 0;
			defaultConfigurationName = Release;
		};
/* End XCConfigurationList section */
	};
	rootObject = F969C20B1F3F3A2600690534 /* Project object */;
}
